# This file is automatically @generated by Cargo.
# It is not intended for manual editing.
version = 4

[[package]]
name = "browser-core"
version = "0.1.0"

[[package]]
name = "css-parser"
version = "0.1.0"

[[package]]
name = "html-parser"
version = "0.1.0"

[[package]]
name = "main"
version = "0.1.0"

[[package]]
name = "network"
version = "0.1.0"

[[package]]
name = "ui"
version = "0.1.0"
